<?xml version="1.0" encoding="utf-8"?>
<Project ToolsVersion="17.0" xmlns="http://schemas.microsoft.com/developer/msbuild/2003">
  <ItemGroup>
    <ClCompile Include="C:\Users\Jeremy Bonnefoi\Documents\SquareEngineCMake\Main.cpp">
      <Filter>Source Files</Filter>
    </ClCompile>
    <ClCompile Include="C:\Users\Jeremy Bonnefoi\Documents\SquareEngineCMake\Rectangle.cpp">
      <Filter>Source Files</Filter>
    </ClCompile>
    <ClCompile Include="C:\Users\Jeremy Bonnefoi\Documents\SquareEngineCMake\Scene.cpp">
      <Filter>Source Files</Filter>
    </ClCompile>
    <ClCompile Include="C:\Users\Jeremy Bonnefoi\Documents\SquareEngineCMake\SquareEngine.cpp">
      <Filter>Source Files</Filter>
    </ClCompile>
  </ItemGroup>
  <ItemGroup>
    <ClInclude Include="C:\Users\Jeremy Bonnefoi\Documents\SquareEngineCMake\Rectangle.h">
      <Filter>Header Files</Filter>
    </ClInclude>
    <ClInclude Include="C:\Users\Jeremy Bonnefoi\Documents\SquareEngineCMake\Scene.h">
      <Filter>Header Files</Filter>
    </ClInclude>
    <ClInclude Include="C:\Users\Jeremy Bonnefoi\Documents\SquareEngineCMake\SquareEngine.h">
      <Filter>Header Files</Filter>
    </ClInclude>
    <ClInclude Include="C:\Users\Jeremy Bonnefoi\Documents\SquareEngineCMake\utils\Color.h">
      <Filter>Header Files</Filter>
    </ClInclude>
    <ClInclude Include="C:\Users\Jeremy Bonnefoi\Documents\SquareEngineCMake\utils\Vector.h">
      <Filter>Header Files</Filter>
    </ClInclude>
  </ItemGroup>
  <ItemGroup>
    <CustomBuild Include="C:\Users\Jeremy Bonnefoi\Documents\SquareEngineCMake\CMakeLists.txt" />
  </ItemGroup>
  <ItemGroup>
    <Filter Include="Header Files">
      <UniqueIdentifier>{90FB98F3-2DF2-312A-A98E-D6DEAD2F7A01}</UniqueIdentifier>
    </Filter>
    <Filter Include="Source Files">
      <UniqueIdentifier>{3F5278CB-DAED-310F-A578-AE53FC3A2C57}</UniqueIdentifier>
    </Filter>
  </ItemGroup>
</Project>
